// !$*UTF8*$!
{
	archiveVersion = 1;
	classes = {
	};
	objectVersion = 52;
	objects = {

/* Begin PBXBuildFile section */
		35B5FC5427A1FA4500570514 /* AppDelegate.swift in Sources */ = {isa = PBXBuildFile; fileRef = 35B5FC5327A1FA4500570514 /* AppDelegate.swift */; };
		35B5FC5627A1FA4500570514 /* SceneDelegate.swift in Sources */ = {isa = PBXBuildFile; fileRef = 35B5FC5527A1FA4500570514 /* SceneDelegate.swift */; };
		35B5FC5827A1FA4500570514 /* LtkViewController.swift in Sources */ = {isa = PBXBuildFile; fileRef = 35B5FC5727A1FA4500570514 /* LtkViewController.swift */; };
		35B5FC5B27A1FA4500570514 /* Main.storyboard in Resources */ = {isa = PBXBuildFile; fileRef = 35B5FC5927A1FA4500570514 /* Main.storyboard */; };
		35B5FC5D27A1FA4B00570514 /* Assets.xcassets in Resources */ = {isa = PBXBuildFile; fileRef = 35B5FC5C27A1FA4B00570514 /* Assets.xcassets */; };
		35B5FC6027A1FA4B00570514 /* LaunchScreen.storyboard in Resources */ = {isa = PBXBuildFile; fileRef = 35B5FC5E27A1FA4B00570514 /* LaunchScreen.storyboard */; };
		35B5FC7627A20E6800570514 /* ProductImageViewCell.swift in Sources */ = {isa = PBXBuildFile; fileRef = 35B5FC7527A20E6800570514 /* ProductImageViewCell.swift */; };
		35B5FC7827A212EB00570514 /* Ltk.swift in Sources */ = {isa = PBXBuildFile; fileRef = 35B5FC7727A212EB00570514 /* Ltk.swift */; };
		35B5FC7D27A2183600570514 /* Kingfisher in Frameworks */ = {isa = PBXBuildFile; productRef = 35B5FC7C27A2183600570514 /* Kingfisher */; };
		35B5FC8127A2188E00570514 /* UIImageViewExtension.swift in Sources */ = {isa = PBXBuildFile; fileRef = 35B5FC8027A2188E00570514 /* UIImageViewExtension.swift */; };
		35B5FC8327A21FC500570514 /* UITableViewExtension.swift in Sources */ = {isa = PBXBuildFile; fileRef = 35B5FC8227A21FC500570514 /* UITableViewExtension.swift */; };
		35B5FC8527A2207500570514 /* NibLoadableViewExtension.swift in Sources */ = {isa = PBXBuildFile; fileRef = 35B5FC8427A2207500570514 /* NibLoadableViewExtension.swift */; };
		35B5FC8727A220B200570514 /* ReusableViewExtension.swift in Sources */ = {isa = PBXBuildFile; fileRef = 35B5FC8627A220B200570514 /* ReusableViewExtension.swift */; };
		35B5FC8A27A220E700570514 /* NibLoadableView.swift in Sources */ = {isa = PBXBuildFile; fileRef = 35B5FC8927A220E700570514 /* NibLoadableView.swift */; };
		35B5FC8C27A2210200570514 /* ReusableView.swift in Sources */ = {isa = PBXBuildFile; fileRef = 35B5FC8B27A2210200570514 /* ReusableView.swift */; };
		35B5FC9027A231E100570514 /* ProductViewController.swift in Sources */ = {isa = PBXBuildFile; fileRef = 35B5FC8F27A231E100570514 /* ProductViewController.swift */; };
		35B5FC9227A23C7100570514 /* UIViewControllerExtension.swift in Sources */ = {isa = PBXBuildFile; fileRef = 35B5FC9127A23C7000570514 /* UIViewControllerExtension.swift */; };
		35B5FC9627A24B6600570514 /* Page.swift in Sources */ = {isa = PBXBuildFile; fileRef = 35B5FC9527A24B6500570514 /* Page.swift */; };
		35B5FC9827A24BAC00570514 /* ParentJson.swift in Sources */ = {isa = PBXBuildFile; fileRef = 35B5FC9727A24BAC00570514 /* ParentJson.swift */; };
		35B5FC9B27A2503000570514 /* DecodableExtension.swift in Sources */ = {isa = PBXBuildFile; fileRef = 35B5FC9A27A2503000570514 /* DecodableExtension.swift */; };
		35B5FC9E27A251F400570514 /* LtkEndpoint.swift in Sources */ = {isa = PBXBuildFile; fileRef = 35B5FC9D27A251F400570514 /* LtkEndpoint.swift */; };
		35B5FCA127A2543700570514 /* InfoDictionary.swift in Sources */ = {isa = PBXBuildFile; fileRef = 35B5FCA027A2543700570514 /* InfoDictionary.swift */; };
		35B5FCA427A2562E00570514 /* PromiseKit in Frameworks */ = {isa = PBXBuildFile; productRef = 35B5FCA327A2562E00570514 /* PromiseKit */; };
		35B5FCA627A2568C00570514 /* LtkFacade.swift in Sources */ = {isa = PBXBuildFile; fileRef = 35B5FCA527A2568C00570514 /* LtkFacade.swift */; };
		35B5FCA827A2569D00570514 /* LtkService.swift in Sources */ = {isa = PBXBuildFile; fileRef = 35B5FCA727A2569D00570514 /* LtkService.swift */; };
		35B5FCAB27A258C300570514 /* LtkProvider.swift in Sources */ = {isa = PBXBuildFile; fileRef = 35B5FCAA27A258C300570514 /* LtkProvider.swift */; };
		35B5FCAE27A25B7200570514 /* Moya in Frameworks */ = {isa = PBXBuildFile; productRef = 35B5FCAD27A25B7200570514 /* Moya */; };
		35B5FCB127A25DA100570514 /* NetworkErrors.swift in Sources */ = {isa = PBXBuildFile; fileRef = 35B5FCB027A25DA100570514 /* NetworkErrors.swift */; };
		35B5FCB327A25E4F00570514 /* JSONDecoderExtension.swift in Sources */ = {isa = PBXBuildFile; fileRef = 35B5FCB227A25E4F00570514 /* JSONDecoderExtension.swift */; };
		35B5FCB627A2688000570514 /* JSONEncoderExtension.swift in Sources */ = {isa = PBXBuildFile; fileRef = 35B5FCB527A2688000570514 /* JSONEncoderExtension.swift */; };
		35B5FCB827A268C100570514 /* DictionaryExtension.swift in Sources */ = {isa = PBXBuildFile; fileRef = 35B5FCB727A268C100570514 /* DictionaryExtension.swift */; };
		35B5FCBD27A27C8700570514 /* ActivityIndicator.swift in Sources */ = {isa = PBXBuildFile; fileRef = 35B5FCBC27A27C8700570514 /* ActivityIndicator.swift */; };
		35B5FCBF27A27CAF00570514 /* ViewLoadingManager.swift in Sources */ = {isa = PBXBuildFile; fileRef = 35B5FCBE27A27CAF00570514 /* ViewLoadingManager.swift */; };
		35D8F61227A383E500776F1E /* ProductCollectionViewCell.swift in Sources */ = {isa = PBXBuildFile; fileRef = 35D8F61127A383E500776F1E /* ProductCollectionViewCell.swift */; };
		35D8F61427A384D300776F1E /* ProductCollectionViewCell.xib in Resources */ = {isa = PBXBuildFile; fileRef = 35D8F61327A384D300776F1E /* ProductCollectionViewCell.xib */; };
		35D8F61627A385E500776F1E /* UIViewExtension.swift in Sources */ = {isa = PBXBuildFile; fileRef = 35D8F61527A385E500776F1E /* UIViewExtension.swift */; };
		35D8F61827A3865300776F1E /* UICollectionViewExtension.swift in Sources */ = {isa = PBXBuildFile; fileRef = 35D8F61727A3865300776F1E /* UICollectionViewExtension.swift */; };
		35D8F61A27A3AF4C00776F1E /* DetailModel.swift in Sources */ = {isa = PBXBuildFile; fileRef = 35D8F61927A3AF4C00776F1E /* DetailModel.swift */; };
		35D8F61C27A427F400776F1E /* GlobalError.swift in Sources */ = {isa = PBXBuildFile; fileRef = 35D8F61B27A427F400776F1E /* GlobalError.swift */; };
		35D8F61E27A45B7700776F1E /* ProductImageViewCell.xib in Resources */ = {isa = PBXBuildFile; fileRef = 35D8F61D27A45B7700776F1E /* ProductImageViewCell.xib */; };
		35E5353227B9CD7100AEBB34 /* SwinjectStoryboard+Extension.swift in Sources */ = {isa = PBXBuildFile; fileRef = 35E5353127B9CD7100AEBB34 /* SwinjectStoryboard+Extension.swift */; };
		35E5353D27B9D67B00AEBB34 /* Swinject in Frameworks */ = {isa = PBXBuildFile; productRef = 35E5353C27B9D67B00AEBB34 /* Swinject */; };
		35E5354027B9D69000AEBB34 /* SwinjectAutoregistration in Frameworks */ = {isa = PBXBuildFile; productRef = 35E5353F27B9D69000AEBB34 /* SwinjectAutoregistration */; };
		35E5354327B9D6A200AEBB34 /* SwinjectStoryboard in Frameworks */ = {isa = PBXBuildFile; productRef = 35E5354227B9D6A200AEBB34 /* SwinjectStoryboard */; };
/* End PBXBuildFile section */

/* Begin PBXFileReference section */
		35B5FC5027A1FA4500570514 /* LTK.app */ = {isa = PBXFileReference; explicitFileType = wrapper.application; includeInIndex = 0; path = LTK.app; sourceTree = BUILT_PRODUCTS_DIR; };
		35B5FC5327A1FA4500570514 /* AppDelegate.swift */ = {isa = PBXFileReference; lastKnownFileType = sourcecode.swift; path = AppDelegate.swift; sourceTree = "<group>"; };
		35B5FC5527A1FA4500570514 /* SceneDelegate.swift */ = {isa = PBXFileReference; lastKnownFileType = sourcecode.swift; path = SceneDelegate.swift; sourceTree = "<group>"; };
		35B5FC5727A1FA4500570514 /* LtkViewController.swift */ = {isa = PBXFileReference; lastKnownFileType = sourcecode.swift; path = LtkViewController.swift; sourceTree = "<group>"; };
		35B5FC5A27A1FA4500570514 /* Base */ = {isa = PBXFileReference; lastKnownFileType = file.storyboard; name = Base; path = Base.lproj/Main.storyboard; sourceTree = "<group>"; };
		35B5FC5C27A1FA4B00570514 /* Assets.xcassets */ = {isa = PBXFileReference; lastKnownFileType = folder.assetcatalog; path = Assets.xcassets; sourceTree = "<group>"; };
		35B5FC5F27A1FA4B00570514 /* Base */ = {isa = PBXFileReference; lastKnownFileType = file.storyboard; name = Base; path = Base.lproj/LaunchScreen.storyboard; sourceTree = "<group>"; };
		35B5FC6127A1FA4B00570514 /* Info.plist */ = {isa = PBXFileReference; lastKnownFileType = text.plist.xml; path = Info.plist; sourceTree = "<group>"; };
		35B5FC7527A20E6800570514 /* ProductImageViewCell.swift */ = {isa = PBXFileReference; lastKnownFileType = sourcecode.swift; path = ProductImageViewCell.swift; sourceTree = "<group>"; };
		35B5FC7727A212EB00570514 /* Ltk.swift */ = {isa = PBXFileReference; lastKnownFileType = sourcecode.swift; path = Ltk.swift; sourceTree = "<group>"; };
		35B5FC8027A2188E00570514 /* UIImageViewExtension.swift */ = {isa = PBXFileReference; lastKnownFileType = sourcecode.swift; path = UIImageViewExtension.swift; sourceTree = "<group>"; };
		35B5FC8227A21FC500570514 /* UITableViewExtension.swift */ = {isa = PBXFileReference; lastKnownFileType = sourcecode.swift; path = UITableViewExtension.swift; sourceTree = "<group>"; };
		35B5FC8427A2207500570514 /* NibLoadableViewExtension.swift */ = {isa = PBXFileReference; lastKnownFileType = sourcecode.swift; path = NibLoadableViewExtension.swift; sourceTree = "<group>"; };
		35B5FC8627A220B200570514 /* ReusableViewExtension.swift */ = {isa = PBXFileReference; lastKnownFileType = sourcecode.swift; path = ReusableViewExtension.swift; sourceTree = "<group>"; };
		35B5FC8927A220E700570514 /* NibLoadableView.swift */ = {isa = PBXFileReference; lastKnownFileType = sourcecode.swift; path = NibLoadableView.swift; sourceTree = "<group>"; };
		35B5FC8B27A2210200570514 /* ReusableView.swift */ = {isa = PBXFileReference; lastKnownFileType = sourcecode.swift; path = ReusableView.swift; sourceTree = "<group>"; };
		35B5FC8F27A231E100570514 /* ProductViewController.swift */ = {isa = PBXFileReference; lastKnownFileType = sourcecode.swift; path = ProductViewController.swift; sourceTree = "<group>"; };
		35B5FC9127A23C7000570514 /* UIViewControllerExtension.swift */ = {isa = PBXFileReference; lastKnownFileType = sourcecode.swift; path = UIViewControllerExtension.swift; sourceTree = "<group>"; };
		35B5FC9527A24B6500570514 /* Page.swift */ = {isa = PBXFileReference; lastKnownFileType = sourcecode.swift; path = Page.swift; sourceTree = "<group>"; };
		35B5FC9727A24BAC00570514 /* ParentJson.swift */ = {isa = PBXFileReference; lastKnownFileType = sourcecode.swift; path = ParentJson.swift; sourceTree = "<group>"; };
		35B5FC9A27A2503000570514 /* DecodableExtension.swift */ = {isa = PBXFileReference; lastKnownFileType = sourcecode.swift; path = DecodableExtension.swift; sourceTree = "<group>"; };
		35B5FC9D27A251F400570514 /* LtkEndpoint.swift */ = {isa = PBXFileReference; lastKnownFileType = sourcecode.swift; path = LtkEndpoint.swift; sourceTree = "<group>"; };
		35B5FCA027A2543700570514 /* InfoDictionary.swift */ = {isa = PBXFileReference; lastKnownFileType = sourcecode.swift; path = InfoDictionary.swift; sourceTree = "<group>"; };
		35B5FCA527A2568C00570514 /* LtkFacade.swift */ = {isa = PBXFileReference; lastKnownFileType = sourcecode.swift; path = LtkFacade.swift; sourceTree = "<group>"; };
		35B5FCA727A2569D00570514 /* LtkService.swift */ = {isa = PBXFileReference; lastKnownFileType = sourcecode.swift; name = LtkService.swift; path = LTK/Modules/HomeFeed/Facade/LtkService.swift; sourceTree = SOURCE_ROOT; };
		35B5FCAA27A258C300570514 /* LtkProvider.swift */ = {isa = PBXFileReference; lastKnownFileType = sourcecode.swift; path = LtkProvider.swift; sourceTree = "<group>"; };
		35B5FCB027A25DA100570514 /* NetworkErrors.swift */ = {isa = PBXFileReference; lastKnownFileType = sourcecode.swift; path = NetworkErrors.swift; sourceTree = "<group>"; };
		35B5FCB227A25E4F00570514 /* JSONDecoderExtension.swift */ = {isa = PBXFileReference; lastKnownFileType = sourcecode.swift; path = JSONDecoderExtension.swift; sourceTree = "<group>"; };
		35B5FCB527A2688000570514 /* JSONEncoderExtension.swift */ = {isa = PBXFileReference; lastKnownFileType = sourcecode.swift; path = JSONEncoderExtension.swift; sourceTree = "<group>"; };
		35B5FCB727A268C100570514 /* DictionaryExtension.swift */ = {isa = PBXFileReference; lastKnownFileType = sourcecode.swift; path = DictionaryExtension.swift; sourceTree = "<group>"; };
		35B5FCBC27A27C8700570514 /* ActivityIndicator.swift */ = {isa = PBXFileReference; lastKnownFileType = sourcecode.swift; path = ActivityIndicator.swift; sourceTree = "<group>"; };
		35B5FCBE27A27CAF00570514 /* ViewLoadingManager.swift */ = {isa = PBXFileReference; lastKnownFileType = sourcecode.swift; path = ViewLoadingManager.swift; sourceTree = "<group>"; };
		35D8F61127A383E500776F1E /* ProductCollectionViewCell.swift */ = {isa = PBXFileReference; lastKnownFileType = sourcecode.swift; path = ProductCollectionViewCell.swift; sourceTree = "<group>"; };
		35D8F61327A384D300776F1E /* ProductCollectionViewCell.xib */ = {isa = PBXFileReference; lastKnownFileType = file.xib; path = ProductCollectionViewCell.xib; sourceTree = "<group>"; };
		35D8F61527A385E500776F1E /* UIViewExtension.swift */ = {isa = PBXFileReference; lastKnownFileType = sourcecode.swift; path = UIViewExtension.swift; sourceTree = "<group>"; };
		35D8F61727A3865300776F1E /* UICollectionViewExtension.swift */ = {isa = PBXFileReference; lastKnownFileType = sourcecode.swift; path = UICollectionViewExtension.swift; sourceTree = "<group>"; };
		35D8F61927A3AF4C00776F1E /* DetailModel.swift */ = {isa = PBXFileReference; lastKnownFileType = sourcecode.swift; path = DetailModel.swift; sourceTree = "<group>"; };
		35D8F61B27A427F400776F1E /* GlobalError.swift */ = {isa = PBXFileReference; lastKnownFileType = sourcecode.swift; path = GlobalError.swift; sourceTree = "<group>"; };
		35D8F61D27A45B7700776F1E /* ProductImageViewCell.xib */ = {isa = PBXFileReference; fileEncoding = 4; lastKnownFileType = file.xib; path = ProductImageViewCell.xib; sourceTree = "<group>"; };
		35E5353127B9CD7100AEBB34 /* SwinjectStoryboard+Extension.swift */ = {isa = PBXFileReference; lastKnownFileType = sourcecode.swift; path = "SwinjectStoryboard+Extension.swift"; sourceTree = "<group>"; };
/* End PBXFileReference section */

/* Begin PBXFrameworksBuildPhase section */
		35B5FC4D27A1FA4500570514 /* Frameworks */ = {
			isa = PBXFrameworksBuildPhase;
			buildActionMask = 2147483647;
			files = (
				35B5FC7D27A2183600570514 /* Kingfisher in Frameworks */,
				35B5FCA427A2562E00570514 /* PromiseKit in Frameworks */,
				35E5354027B9D69000AEBB34 /* SwinjectAutoregistration in Frameworks */,
				35B5FCAE27A25B7200570514 /* Moya in Frameworks */,
				35E5354327B9D6A200AEBB34 /* SwinjectStoryboard in Frameworks */,
				35E5353D27B9D67B00AEBB34 /* Swinject in Frameworks */,
			);
			runOnlyForDeploymentPostprocessing = 0;
		};
/* End PBXFrameworksBuildPhase section */

/* Begin PBXGroup section */
		35172AA227AB2A4400FE2028 /* Profile */ = {
			isa = PBXGroup;
			children = (
			);
			path = Profile;
			sourceTree = "<group>";
		};
		35B5FC4727A1FA4500570514 = {
			isa = PBXGroup;
			children = (
				35B5FC5227A1FA4500570514 /* LTK */,
				35B5FC5127A1FA4500570514 /* Products */,
			);
			sourceTree = "<group>";
		};
		35B5FC5127A1FA4500570514 /* Products */ = {
			isa = PBXGroup;
			children = (
				35B5FC5027A1FA4500570514 /* LTK.app */,
			);
			name = Products;
			sourceTree = "<group>";
		};
		35B5FC5227A1FA4500570514 /* LTK */ = {
			isa = PBXGroup;
			children = (
				35B5FC6927A1FAF300570514 /* App */,
				35B5FC6827A1FAE900570514 /* Common */,
				35B5FC6727A1FADD00570514 /* Modules */,
				35B5FC6A27A1FAFD00570514 /* Resources */,
				35B5FC5527A1FA4500570514 /* SceneDelegate.swift */,
				35B5FC5C27A1FA4B00570514 /* Assets.xcassets */,
				35B5FC5E27A1FA4B00570514 /* LaunchScreen.storyboard */,
				35B5FC6127A1FA4B00570514 /* Info.plist */,
			);
			path = LTK;
			sourceTree = "<group>";
		};
		35B5FC6727A1FADD00570514 /* Modules */ = {
			isa = PBXGroup;
			children = (
				35172AA227AB2A4400FE2028 /* Profile */,
				35B5FC6B27A1FB1B00570514 /* HomeFeed */,
			);
			path = Modules;
			sourceTree = "<group>";
		};
		35B5FC6827A1FAE900570514 /* Common */ = {
			isa = PBXGroup;
			children = (
				35E5353027B9CD4800AEBB34 /* Containers */,
				35B5FCBB27A27C7600570514 /* Modules */,
				35B5FCAF27A25D8900570514 /* Errors */,
				35B5FCA927A258AA00570514 /* CommonClasses */,
				35B5FC9F27A2542100570514 /* Helpers */,
				35B5FC9327A24B3A00570514 /* Models */,
				35B5FC8827A220C800570514 /* Protocols */,
				35B5FC7E27A2184900570514 /* Extensions */,
			);
			path = Common;
			sourceTree = "<group>";
		};
		35B5FC6927A1FAF300570514 /* App */ = {
			isa = PBXGroup;
			children = (
				35B5FC5327A1FA4500570514 /* AppDelegate.swift */,
			);
			path = App;
			sourceTree = "<group>";
		};
		35B5FC6A27A1FAFD00570514 /* Resources */ = {
			isa = PBXGroup;
			children = (
			);
			path = Resources;
			sourceTree = "<group>";
		};
		35B5FC6B27A1FB1B00570514 /* HomeFeed */ = {
			isa = PBXGroup;
			children = (
				35B5FC7127A1FB4800570514 /* Views */,
				35B5FC7027A1FB4100570514 /* Controllers */,
				35B5FC6F27A1FB3A00570514 /* Facade */,
				35B5FC6E27A1FB3300570514 /* Services */,
				35B5FC6D27A1FB2B00570514 /* Models */,
				35B5FC6C27A1FB2500570514 /* Endpoints */,
			);
			path = HomeFeed;
			sourceTree = "<group>";
		};
		35B5FC6C27A1FB2500570514 /* Endpoints */ = {
			isa = PBXGroup;
			children = (
				35B5FC9D27A251F400570514 /* LtkEndpoint.swift */,
			);
			path = Endpoints;
			sourceTree = "<group>";
		};
		35B5FC6D27A1FB2B00570514 /* Models */ = {
			isa = PBXGroup;
			children = (
				35B5FCB427A267BB00570514 /* Decodable */,
				35D8F61927A3AF4C00776F1E /* DetailModel.swift */,
			);
			path = Models;
			sourceTree = "<group>";
		};
		35B5FC6E27A1FB3300570514 /* Services */ = {
			isa = PBXGroup;
			children = (
				35B5FCA727A2569D00570514 /* LtkService.swift */,
			);
			path = Services;
			sourceTree = "<group>";
		};
		35B5FC6F27A1FB3A00570514 /* Facade */ = {
			isa = PBXGroup;
			children = (
				35B5FCA527A2568C00570514 /* LtkFacade.swift */,
			);
			path = Facade;
			sourceTree = "<group>";
		};
		35B5FC7027A1FB4100570514 /* Controllers */ = {
			isa = PBXGroup;
			children = (
				35B5FC5727A1FA4500570514 /* LtkViewController.swift */,
				35B5FC8F27A231E100570514 /* ProductViewController.swift */,
			);
			path = Controllers;
			sourceTree = "<group>";
		};
		35B5FC7127A1FB4800570514 /* Views */ = {
			isa = PBXGroup;
			children = (
				35B5FC7227A20D2400570514 /* CustomCells */,
				35B5FC5927A1FA4500570514 /* Main.storyboard */,
			);
			path = Views;
			sourceTree = "<group>";
		};
		35B5FC7227A20D2400570514 /* CustomCells */ = {
			isa = PBXGroup;
			children = (
				35D8F61D27A45B7700776F1E /* ProductImageViewCell.xib */,
				35B5FC7527A20E6800570514 /* ProductImageViewCell.swift */,
				35D8F61127A383E500776F1E /* ProductCollectionViewCell.swift */,
				35D8F61327A384D300776F1E /* ProductCollectionViewCell.xib */,
			);
			path = CustomCells;
			sourceTree = "<group>";
		};
		35B5FC7E27A2184900570514 /* Extensions */ = {
			isa = PBXGroup;
			children = (
				35B5FC9927A2501800570514 /* Foundation */,
				35B5FC7F27A2185600570514 /* UIKit */,
				35B5FC8427A2207500570514 /* NibLoadableViewExtension.swift */,
				35B5FC8627A220B200570514 /* ReusableViewExtension.swift */,
				35B5FC9127A23C7000570514 /* UIViewControllerExtension.swift */,
			);
			path = Extensions;
			sourceTree = "<group>";
		};
		35B5FC7F27A2185600570514 /* UIKit */ = {
			isa = PBXGroup;
			children = (
				35B5FC8027A2188E00570514 /* UIImageViewExtension.swift */,
				35B5FC8227A21FC500570514 /* UITableViewExtension.swift */,
				35D8F61527A385E500776F1E /* UIViewExtension.swift */,
				35D8F61727A3865300776F1E /* UICollectionViewExtension.swift */,
			);
			path = UIKit;
			sourceTree = "<group>";
		};
		35B5FC8827A220C800570514 /* Protocols */ = {
			isa = PBXGroup;
			children = (
				35B5FC8927A220E700570514 /* NibLoadableView.swift */,
				35B5FC8B27A2210200570514 /* ReusableView.swift */,
			);
			path = Protocols;
			sourceTree = "<group>";
		};
		35B5FC9327A24B3A00570514 /* Models */ = {
			isa = PBXGroup;
			children = (
				35B5FC9427A24B4500570514 /* Decodable */,
			);
			path = Models;
			sourceTree = "<group>";
		};
		35B5FC9427A24B4500570514 /* Decodable */ = {
			isa = PBXGroup;
			children = (
				35B5FC9527A24B6500570514 /* Page.swift */,
				35B5FC9727A24BAC00570514 /* ParentJson.swift */,
			);
			path = Decodable;
			sourceTree = "<group>";
		};
		35B5FC9927A2501800570514 /* Foundation */ = {
			isa = PBXGroup;
			children = (
				35B5FC9A27A2503000570514 /* DecodableExtension.swift */,
				35B5FCB227A25E4F00570514 /* JSONDecoderExtension.swift */,
				35B5FCB527A2688000570514 /* JSONEncoderExtension.swift */,
				35B5FCB727A268C100570514 /* DictionaryExtension.swift */,
			);
			path = Foundation;
			sourceTree = "<group>";
		};
		35B5FC9F27A2542100570514 /* Helpers */ = {
			isa = PBXGroup;
			children = (
				35B5FCA027A2543700570514 /* InfoDictionary.swift */,
			);
			path = Helpers;
			sourceTree = "<group>";
		};
		35B5FCA927A258AA00570514 /* CommonClasses */ = {
			isa = PBXGroup;
			children = (
				35B5FCAA27A258C300570514 /* LtkProvider.swift */,
			);
			path = CommonClasses;
			sourceTree = "<group>";
		};
		35B5FCAF27A25D8900570514 /* Errors */ = {
			isa = PBXGroup;
			children = (
				35B5FCB027A25DA100570514 /* NetworkErrors.swift */,
				35D8F61B27A427F400776F1E /* GlobalError.swift */,
			);
			path = Errors;
			sourceTree = "<group>";
		};
		35B5FCB427A267BB00570514 /* Decodable */ = {
			isa = PBXGroup;
			children = (
				35B5FC7727A212EB00570514 /* Ltk.swift */,
			);
			path = Decodable;
			sourceTree = "<group>";
		};
		35B5FCBB27A27C7600570514 /* Modules */ = {
			isa = PBXGroup;
			children = (
				35B5FCBC27A27C8700570514 /* ActivityIndicator.swift */,
				35B5FCBE27A27CAF00570514 /* ViewLoadingManager.swift */,
			);
			path = Modules;
			sourceTree = "<group>";
		};
		35E5353027B9CD4800AEBB34 /* Containers */ = {
			isa = PBXGroup;
			children = (
				35E5353127B9CD7100AEBB34 /* SwinjectStoryboard+Extension.swift */,
			);
			path = Containers;
			sourceTree = "<group>";
		};
/* End PBXGroup section */

/* Begin PBXNativeTarget section */
		35B5FC4F27A1FA4500570514 /* LTK */ = {
			isa = PBXNativeTarget;
			buildConfigurationList = 35B5FC6427A1FA4B00570514 /* Build configuration list for PBXNativeTarget "LTK" */;
			buildPhases = (
				35B5FC4C27A1FA4500570514 /* Sources */,
				35B5FC4D27A1FA4500570514 /* Frameworks */,
				35B5FC4E27A1FA4500570514 /* Resources */,
			);
			buildRules = (
			);
			dependencies = (
			);
			name = LTK;
			packageProductDependencies = (
				35B5FC7C27A2183600570514 /* Kingfisher */,
				35B5FCA327A2562E00570514 /* PromiseKit */,
				35B5FCAD27A25B7200570514 /* Moya */,
				35E5353C27B9D67B00AEBB34 /* Swinject */,
				35E5353F27B9D69000AEBB34 /* SwinjectAutoregistration */,
				35E5354227B9D6A200AEBB34 /* SwinjectStoryboard */,
			);
			productName = LTK;
			productReference = 35B5FC5027A1FA4500570514 /* LTK.app */;
			productType = "com.apple.product-type.application";
		};
/* End PBXNativeTarget section */

/* Begin PBXProject section */
		35B5FC4827A1FA4500570514 /* Project object */ = {
			isa = PBXProject;
			attributes = {
				LastSwiftUpdateCheck = 1250;
				LastUpgradeCheck = 1250;
				TargetAttributes = {
					35B5FC4F27A1FA4500570514 = {
						CreatedOnToolsVersion = 12.5.1;
					};
				};
			};
			buildConfigurationList = 35B5FC4B27A1FA4500570514 /* Build configuration list for PBXProject "LTK" */;
			compatibilityVersion = "Xcode 9.3";
			developmentRegion = en;
			hasScannedForEncodings = 0;
			knownRegions = (
				en,
				Base,
			);
			mainGroup = 35B5FC4727A1FA4500570514;
			packageReferences = (
				35B5FC7B27A2183500570514 /* XCRemoteSwiftPackageReference "Kingfisher" */,
				35B5FCA227A2562E00570514 /* XCRemoteSwiftPackageReference "PromiseKit" */,
				35B5FCAC27A25B7200570514 /* XCRemoteSwiftPackageReference "Moya" */,
				35E5353B27B9D67A00AEBB34 /* XCRemoteSwiftPackageReference "Swinject" */,
				35E5353E27B9D69000AEBB34 /* XCRemoteSwiftPackageReference "SwinjectAutoregistration" */,
				35E5354127B9D6A200AEBB34 /* XCRemoteSwiftPackageReference "SwinjectStoryboard" */,
			);
			productRefGroup = 35B5FC5127A1FA4500570514 /* Products */;
			projectDirPath = "";
			projectRoot = "";
			targets = (
				35B5FC4F27A1FA4500570514 /* LTK */,
			);
		};
/* End PBXProject section */

/* Begin PBXResourcesBuildPhase section */
		35B5FC4E27A1FA4500570514 /* Resources */ = {
			isa = PBXResourcesBuildPhase;
			buildActionMask = 2147483647;
			files = (
				35D8F61427A384D300776F1E /* ProductCollectionViewCell.xib in Resources */,
				35B5FC6027A1FA4B00570514 /* LaunchScreen.storyboard in Resources */,
				35B5FC5D27A1FA4B00570514 /* Assets.xcassets in Resources */,
				35B5FC5B27A1FA4500570514 /* Main.storyboard in Resources */,
				35D8F61E27A45B7700776F1E /* ProductImageViewCell.xib in Resources */,
			);
			runOnlyForDeploymentPostprocessing = 0;
		};
/* End PBXResourcesBuildPhase section */

/* Begin PBXSourcesBuildPhase section */
		35B5FC4C27A1FA4500570514 /* Sources */ = {
			isa = PBXSourcesBuildPhase;
			buildActionMask = 2147483647;
			files = (
				35D8F61627A385E500776F1E /* UIViewExtension.swift in Sources */,
				35B5FC8527A2207500570514 /* NibLoadableViewExtension.swift in Sources */,
				35B5FCA127A2543700570514 /* InfoDictionary.swift in Sources */,
				35B5FC7627A20E6800570514 /* ProductImageViewCell.swift in Sources */,
				35B5FC5827A1FA4500570514 /* LtkViewController.swift in Sources */,
				35B5FCB627A2688000570514 /* JSONEncoderExtension.swift in Sources */,
				35D8F61227A383E500776F1E /* ProductCollectionViewCell.swift in Sources */,
				35B5FC9B27A2503000570514 /* DecodableExtension.swift in Sources */,
				35B5FC9827A24BAC00570514 /* ParentJson.swift in Sources */,
				35B5FCAB27A258C300570514 /* LtkProvider.swift in Sources */,
				35B5FCB327A25E4F00570514 /* JSONDecoderExtension.swift in Sources */,
				35B5FC8127A2188E00570514 /* UIImageViewExtension.swift in Sources */,
				35E5353227B9CD7100AEBB34 /* SwinjectStoryboard+Extension.swift in Sources */,
				35B5FCA827A2569D00570514 /* LtkService.swift in Sources */,
				35B5FCBF27A27CAF00570514 /* ViewLoadingManager.swift in Sources */,
				35B5FC9627A24B6600570514 /* Page.swift in Sources */,
				35B5FCB827A268C100570514 /* DictionaryExtension.swift in Sources */,
				35D8F61C27A427F400776F1E /* GlobalError.swift in Sources */,
				35D8F61A27A3AF4C00776F1E /* DetailModel.swift in Sources */,
				35B5FC8C27A2210200570514 /* ReusableView.swift in Sources */,
				35B5FC7827A212EB00570514 /* Ltk.swift in Sources */,
				35B5FCA627A2568C00570514 /* LtkFacade.swift in Sources */,
				35B5FCBD27A27C8700570514 /* ActivityIndicator.swift in Sources */,
				35B5FC9027A231E100570514 /* ProductViewController.swift in Sources */,
				35B5FC5427A1FA4500570514 /* AppDelegate.swift in Sources */,
				35B5FC8A27A220E700570514 /* NibLoadableView.swift in Sources */,
				35B5FC9E27A251F400570514 /* LtkEndpoint.swift in Sources */,
				35B5FC9227A23C7100570514 /* UIViewControllerExtension.swift in Sources */,
				35D8F61827A3865300776F1E /* UICollectionViewExtension.swift in Sources */,
				35B5FC5627A1FA4500570514 /* SceneDelegate.swift in Sources */,
				35B5FCB127A25DA100570514 /* NetworkErrors.swift in Sources */,
				35B5FC8327A21FC500570514 /* UITableViewExtension.swift in Sources */,
				35B5FC8727A220B200570514 /* ReusableViewExtension.swift in Sources */,
			);
			runOnlyForDeploymentPostprocessing = 0;
		};
/* End PBXSourcesBuildPhase section */

/* Begin PBXVariantGroup section */
		35B5FC5927A1FA4500570514 /* Main.storyboard */ = {
			isa = PBXVariantGroup;
			children = (
				35B5FC5A27A1FA4500570514 /* Base */,
			);
			name = Main.storyboard;
			sourceTree = "<group>";
		};
		35B5FC5E27A1FA4B00570514 /* LaunchScreen.storyboard */ = {
			isa = PBXVariantGroup;
			children = (
				35B5FC5F27A1FA4B00570514 /* Base */,
			);
			name = LaunchScreen.storyboard;
			sourceTree = "<group>";
		};
/* End PBXVariantGroup section */

/* Begin XCBuildConfiguration section */
		35B5FC6227A1FA4B00570514 /* Debug */ = {
			isa = XCBuildConfiguration;
			buildSettings = {
				ALWAYS_SEARCH_USER_PATHS = NO;
				CLANG_ANALYZER_NONNULL = YES;
				CLANG_ANALYZER_NUMBER_OBJECT_CONVERSION = YES_AGGRESSIVE;
				CLANG_CXX_LANGUAGE_STANDARD = "gnu++14";
				CLANG_CXX_LIBRARY = "libc++";
				CLANG_ENABLE_MODULES = YES;
				CLANG_ENABLE_OBJC_ARC = YES;
				CLANG_ENABLE_OBJC_WEAK = YES;
				CLANG_WARN_BLOCK_CAPTURE_AUTORELEASING = YES;
				CLANG_WARN_BOOL_CONVERSION = YES;
				CLANG_WARN_COMMA = YES;
				CLANG_WARN_CONSTANT_CONVERSION = YES;
				CLANG_WARN_DEPRECATED_OBJC_IMPLEMENTATIONS = YES;
				CLANG_WARN_DIRECT_OBJC_ISA_USAGE = YES_ERROR;
				CLANG_WARN_DOCUMENTATION_COMMENTS = YES;
				CLANG_WARN_EMPTY_BODY = YES;
				CLANG_WARN_ENUM_CONVERSION = YES;
				CLANG_WARN_INFINITE_RECURSION = YES;
				CLANG_WARN_INT_CONVERSION = YES;
				CLANG_WARN_NON_LITERAL_NULL_CONVERSION = YES;
				CLANG_WARN_OBJC_IMPLICIT_RETAIN_SELF = YES;
				CLANG_WARN_OBJC_LITERAL_CONVERSION = YES;
				CLANG_WARN_OBJC_ROOT_CLASS = YES_ERROR;
				CLANG_WARN_QUOTED_INCLUDE_IN_FRAMEWORK_HEADER = YES;
				CLANG_WARN_RANGE_LOOP_ANALYSIS = YES;
				CLANG_WARN_STRICT_PROTOTYPES = YES;
				CLANG_WARN_SUSPICIOUS_MOVE = YES;
				CLANG_WARN_UNGUARDED_AVAILABILITY = YES_AGGRESSIVE;
				CLANG_WARN_UNREACHABLE_CODE = YES;
				CLANG_WARN__DUPLICATE_METHOD_MATCH = YES;
				COPY_PHASE_STRIP = NO;
				DEBUG_INFORMATION_FORMAT = dwarf;
				ENABLE_STRICT_OBJC_MSGSEND = YES;
				ENABLE_TESTABILITY = YES;
				GCC_C_LANGUAGE_STANDARD = gnu11;
				GCC_DYNAMIC_NO_PIC = NO;
				GCC_NO_COMMON_BLOCKS = YES;
				GCC_OPTIMIZATION_LEVEL = 0;
				GCC_PREPROCESSOR_DEFINITIONS = (
					"DEBUG=1",
					"$(inherited)",
				);
				GCC_WARN_64_TO_32_BIT_CONVERSION = YES;
				GCC_WARN_ABOUT_RETURN_TYPE = YES_ERROR;
				GCC_WARN_UNDECLARED_SELECTOR = YES;
				GCC_WARN_UNINITIALIZED_AUTOS = YES_AGGRESSIVE;
				GCC_WARN_UNUSED_FUNCTION = YES;
				GCC_WARN_UNUSED_VARIABLE = YES;
				IPHONEOS_DEPLOYMENT_TARGET = 14.5;
				MTL_ENABLE_DEBUG_INFO = INCLUDE_SOURCE;
				MTL_FAST_MATH = YES;
				ONLY_ACTIVE_ARCH = YES;
				SDKROOT = iphoneos;
				SWIFT_ACTIVE_COMPILATION_CONDITIONS = DEBUG;
				SWIFT_OPTIMIZATION_LEVEL = "-Onone";
			};
			name = Debug;
		};
		35B5FC6327A1FA4B00570514 /* Release */ = {
			isa = XCBuildConfiguration;
			buildSettings = {
				ALWAYS_SEARCH_USER_PATHS = NO;
				CLANG_ANALYZER_NONNULL = YES;
				CLANG_ANALYZER_NUMBER_OBJECT_CONVERSION = YES_AGGRESSIVE;
				CLANG_CXX_LANGUAGE_STANDARD = "gnu++14";
				CLANG_CXX_LIBRARY = "libc++";
				CLANG_ENABLE_MODULES = YES;
				CLANG_ENABLE_OBJC_ARC = YES;
				CLANG_ENABLE_OBJC_WEAK = YES;
				CLANG_WARN_BLOCK_CAPTURE_AUTORELEASING = YES;
				CLANG_WARN_BOOL_CONVERSION = YES;
				CLANG_WARN_COMMA = YES;
				CLANG_WARN_CONSTANT_CONVERSION = YES;
				CLANG_WARN_DEPRECATED_OBJC_IMPLEMENTATIONS = YES;
				CLANG_WARN_DIRECT_OBJC_ISA_USAGE = YES_ERROR;
				CLANG_WARN_DOCUMENTATION_COMMENTS = YES;
				CLANG_WARN_EMPTY_BODY = YES;
				CLANG_WARN_ENUM_CONVERSION = YES;
				CLANG_WARN_INFINITE_RECURSION = YES;
				CLANG_WARN_INT_CONVERSION = YES;
				CLANG_WARN_NON_LITERAL_NULL_CONVERSION = YES;
				CLANG_WARN_OBJC_IMPLICIT_RETAIN_SELF = YES;
				CLANG_WARN_OBJC_LITERAL_CONVERSION = YES;
				CLANG_WARN_OBJC_ROOT_CLASS = YES_ERROR;
				CLANG_WARN_QUOTED_INCLUDE_IN_FRAMEWORK_HEADER = YES;
				CLANG_WARN_RANGE_LOOP_ANALYSIS = YES;
				CLANG_WARN_STRICT_PROTOTYPES = YES;
				CLANG_WARN_SUSPICIOUS_MOVE = YES;
				CLANG_WARN_UNGUARDED_AVAILABILITY = YES_AGGRESSIVE;
				CLANG_WARN_UNREACHABLE_CODE = YES;
				CLANG_WARN__DUPLICATE_METHOD_MATCH = YES;
				COPY_PHASE_STRIP = NO;
				DEBUG_INFORMATION_FORMAT = "dwarf-with-dsym";
				ENABLE_NS_ASSERTIONS = NO;
				ENABLE_STRICT_OBJC_MSGSEND = YES;
				GCC_C_LANGUAGE_STANDARD = gnu11;
				GCC_NO_COMMON_BLOCKS = YES;
				GCC_WARN_64_TO_32_BIT_CONVERSION = YES;
				GCC_WARN_ABOUT_RETURN_TYPE = YES_ERROR;
				GCC_WARN_UNDECLARED_SELECTOR = YES;
				GCC_WARN_UNINITIALIZED_AUTOS = YES_AGGRESSIVE;
				GCC_WARN_UNUSED_FUNCTION = YES;
				GCC_WARN_UNUSED_VARIABLE = YES;
				IPHONEOS_DEPLOYMENT_TARGET = 14.5;
				MTL_ENABLE_DEBUG_INFO = NO;
				MTL_FAST_MATH = YES;
				SDKROOT = iphoneos;
				SWIFT_COMPILATION_MODE = wholemodule;
				SWIFT_OPTIMIZATION_LEVEL = "-O";
				VALIDATE_PRODUCT = YES;
			};
			name = Release;
		};
		35B5FC6527A1FA4B00570514 /* Debug */ = {
			isa = XCBuildConfiguration;
			buildSettings = {
				ASSETCATALOG_COMPILER_APPICON_NAME = AppIcon;
				ASSETCATALOG_COMPILER_GLOBAL_ACCENT_COLOR_NAME = AccentColor;
				CODE_SIGN_STYLE = Automatic;
				DEVELOPMENT_TEAM = 5QAXS9P952;
				INFOPLIST_FILE = LTK/Info.plist;
				LD_RUNPATH_SEARCH_PATHS = (
					"$(inherited)",
					"@executable_path/Frameworks",
				);
				PRODUCT_BUNDLE_IDENTIFIER = com.fastlaneapps.LTK;
				PRODUCT_NAME = "$(TARGET_NAME)";
				SWIFT_VERSION = 5.0;
				TARGETED_DEVICE_FAMILY = "1,2";
			};
			name = Debug;
		};
		35B5FC6627A1FA4B00570514 /* Release */ = {
			isa = XCBuildConfiguration;
			buildSettings = {
				ASSETCATALOG_COMPILER_APPICON_NAME = AppIcon;
				ASSETCATALOG_COMPILER_GLOBAL_ACCENT_COLOR_NAME = AccentColor;
				CODE_SIGN_STYLE = Automatic;
				DEVELOPMENT_TEAM = 5QAXS9P952;
				INFOPLIST_FILE = LTK/Info.plist;
				LD_RUNPATH_SEARCH_PATHS = (
					"$(inherited)",
					"@executable_path/Frameworks",
				);
				PRODUCT_BUNDLE_IDENTIFIER = com.fastlaneapps.LTK;
				PRODUCT_NAME = "$(TARGET_NAME)";
				SWIFT_VERSION = 5.0;
				TARGETED_DEVICE_FAMILY = "1,2";
			};
			name = Release;
		};
/* End XCBuildConfiguration section */

/* Begin XCConfigurationList section */
		35B5FC4B27A1FA4500570514 /* Build configuration list for PBXProject "LTK" */ = {
			isa = XCConfigurationList;
			buildConfigurations = (
				35B5FC6227A1FA4B00570514 /* Debug */,
				35B5FC6327A1FA4B00570514 /* Release */,
			);
			defaultConfigurationIsVisible = 0;
			defaultConfigurationName = Release;
		};
		35B5FC6427A1FA4B00570514 /* Build configuration list for PBXNativeTarget "LTK" */ = {
			isa = XCConfigurationList;
			buildConfigurations = (
				35B5FC6527A1FA4B00570514 /* Debug */,
				35B5FC6627A1FA4B00570514 /* Release */,
			);
			defaultConfigurationIsVisible = 0;
			defaultConfigurationName = Release;
		};
/* End XCConfigurationList section */

/* Begin XCRemoteSwiftPackageReference section */
		35B5FC7B27A2183500570514 /* XCRemoteSwiftPackageReference "Kingfisher" */ = {
			isa = XCRemoteSwiftPackageReference;
			repositoryURL = "https://github.com/onevcat/Kingfisher";
			requirement = {
				kind = upToNextMajorVersion;
				minimumVersion = 7.1.2;
			};
		};
		35B5FCA227A2562E00570514 /* XCRemoteSwiftPackageReference "PromiseKit" */ = {
			isa = XCRemoteSwiftPackageReference;
			repositoryURL = "https://github.com/mxcl/PromiseKit";
			requirement = {
				kind = upToNextMajorVersion;
				minimumVersion = 6.16.2;
			};
		};
		35B5FCAC27A25B7200570514 /* XCRemoteSwiftPackageReference "Moya" */ = {
			isa = XCRemoteSwiftPackageReference;
			repositoryURL = "https://github.com/Moya/Moya";
			requirement = {
				kind = upToNextMajorVersion;
				minimumVersion = 15.0.0;
			};
		};
		35E5353B27B9D67A00AEBB34 /* XCRemoteSwiftPackageReference "Swinject" */ = {
			isa = XCRemoteSwiftPackageReference;
			repositoryURL = "https://github.com/Swinject/Swinject";
			requirement = {
				branch = master;
				kind = branch;
			};
		};
		35E5353E27B9D69000AEBB34 /* XCRemoteSwiftPackageReference "SwinjectAutoregistration" */ = {
			isa = XCRemoteSwiftPackageReference;
			repositoryURL = "https://github.com/Swinject/SwinjectAutoregistration";
			requirement = {
				branch = master;
				kind = branch;
			};
		};
		35E5354127B9D6A200AEBB34 /* XCRemoteSwiftPackageReference "SwinjectStoryboard" */ = {
			isa = XCRemoteSwiftPackageReference;
			repositoryURL = "https://github.com/Swinject/SwinjectStoryboard";
			requirement = {
				branch = master;
				kind = branch;
			};
		};
/* End XCRemoteSwiftPackageReference section */

/* Begin XCSwiftPackageProductDependency section */
		35B5FC7C27A2183600570514 /* Kingfisher */ = {
			isa = XCSwiftPackageProductDependency;
			package = 35B5FC7B27A2183500570514 /* XCRemoteSwiftPackageReference "Kingfisher" */;
			productName = Kingfisher;
		};
		35B5FCA327A2562E00570514 /* PromiseKit */ = {
			isa = XCSwiftPackageProductDependency;
			package = 35B5FCA227A2562E00570514 /* XCRemoteSwiftPackageReference "PromiseKit" */;
			productName = PromiseKit;
		};
		35B5FCAD27A25B7200570514 /* Moya */ = {
			isa = XCSwiftPackageProductDependency;
			package = 35B5FCAC27A25B7200570514 /* XCRemoteSwiftPackageReference "Moya" */;
			productName = Moya;
		};
		35E5353C27B9D67B00AEBB34 /* Swinject */ = {
			isa = XCSwiftPackageProductDependency;
			package = 35E5353B27B9D67A00AEBB34 /* XCRemoteSwiftPackageReference "Swinject" */;
			productName = Swinject;
		};
		35E5353F27B9D69000AEBB34 /* SwinjectAutoregistration */ = {
			isa = XCSwiftPackageProductDependency;
			package = 35E5353E27B9D69000AEBB34 /* XCRemoteSwiftPackageReference "SwinjectAutoregistration" */;
			productName = SwinjectAutoregistration;
		};
		35E5354227B9D6A200AEBB34 /* SwinjectStoryboard */ = {
			isa = XCSwiftPackageProductDependency;
			package = 35E5354127B9D6A200AEBB34 /* XCRemoteSwiftPackageReference "SwinjectStoryboard" */;
			productName = SwinjectStoryboard;
		};
/* End XCSwiftPackageProductDependency section */
	};
	rootObject = 35B5FC4827A1FA4500570514 /* Project object */;
}
